
Microsoft Visual Studio Solution File, Format Version 12.00
# Visual Studio Version 16
VisualStudioVersion = 16.0.31729.503
MinimumVisualStudioVersion = 10.0.40219.1
Project("{FAE04EC0-301F-11D3-BF4B-00C04F79EFBC}") = "Fixacao", "Fixacao\Fixacao.csproj", "{F7503268-8AAE-4C07-946B-3496A494E898}"
EndProject
Global
	GlobalSection(SolutionConfigurationPlatforms) = preSolution
		Debug|Any CPU = Debug|Any CPU
		Release|Any CPU = Release|Any CPU
	EndGlobalSection
	GlobalSection(ProjectConfigurationPlatforms) = postSolution
		{F7503268-8AAE-4C07-946B-3496A494E898}.Debug|Any CPU.ActiveCfg = Debug|Any CPU
		{F7503268-8AAE-4C07-946B-3496A494E898}.Debug|Any CPU.Build.0 = Debug|Any CPU
		{F7503268-8AAE-4C07-946B-3496A494E898}.Release|Any CPU.ActiveCfg = Release|Any CPU
		{F7503268-8AAE-4C07-946B-3496A494E898}.Release|Any CPU.Build.0 = Release|Any CPU
	EndGlobalSection
	GlobalSection(SolutionProperties) = preSolution
		HideSolutionNode = FALSE
	EndGlobalSection
	GlobalSection(ExtensibilityGlobals) = postSolution
		SolutionGuid = {FE69C273-B9C6-4AE2-9F1F-0CB7D65FF85E}
	EndGlobalSection
EndGlobal
