
Microsoft Visual Studio Solution File, Format Version 12.00
# Visual Studio Version 16
VisualStudioVersion = 16.0.31729.503
MinimumVisualStudioVersion = 10.0.40219.1
Project("{FAE04EC0-301F-11D3-BF4B-00C04F79EFBC}") = "Fixacao", "Fixacao\Fixacao.csproj", "{6E1224DA-B64B-4DFC-9435-59F09F39C680}"
EndProject
Global
	GlobalSection(SolutionConfigurationPlatforms) = preSolution
		Debug|Any CPU = Debug|Any CPU
		Release|Any CPU = Release|Any CPU
	EndGlobalSection
	GlobalSection(ProjectConfigurationPlatforms) = postSolution
		{6E1224DA-B64B-4DFC-9435-59F09F39C680}.Debug|Any CPU.ActiveCfg = Debug|Any CPU
		{6E1224DA-B64B-4DFC-9435-59F09F39C680}.Debug|Any CPU.Build.0 = Debug|Any CPU
		{6E1224DA-B64B-4DFC-9435-59F09F39C680}.Release|Any CPU.ActiveCfg = Release|Any CPU
		{6E1224DA-B64B-4DFC-9435-59F09F39C680}.Release|Any CPU.Build.0 = Release|Any CPU
	EndGlobalSection
	GlobalSection(SolutionProperties) = preSolution
		HideSolutionNode = FALSE
	EndGlobalSection
	GlobalSection(ExtensibilityGlobals) = postSolution
		SolutionGuid = {77023E09-03AF-4E30-AC7C-12BB2E56A73A}
	EndGlobalSection
EndGlobal
