
Microsoft Visual Studio Solution File, Format Version 12.00
# Visual Studio Version 16
VisualStudioVersion = 16.0.31729.503
MinimumVisualStudioVersion = 10.0.40219.1
Project("{FAE04EC0-301F-11D3-BF4B-00C04F79EFBC}") = "fixacao", "fixacao\fixacao.csproj", "{ABC76DE8-3F6F-4FB2-B02F-FF0106D2DC83}"
EndProject
Global
	GlobalSection(SolutionConfigurationPlatforms) = preSolution
		Debug|Any CPU = Debug|Any CPU
		Release|Any CPU = Release|Any CPU
	EndGlobalSection
	GlobalSection(ProjectConfigurationPlatforms) = postSolution
		{ABC76DE8-3F6F-4FB2-B02F-FF0106D2DC83}.Debug|Any CPU.ActiveCfg = Debug|Any CPU
		{ABC76DE8-3F6F-4FB2-B02F-FF0106D2DC83}.Debug|Any CPU.Build.0 = Debug|Any CPU
		{ABC76DE8-3F6F-4FB2-B02F-FF0106D2DC83}.Release|Any CPU.ActiveCfg = Release|Any CPU
		{ABC76DE8-3F6F-4FB2-B02F-FF0106D2DC83}.Release|Any CPU.Build.0 = Release|Any CPU
	EndGlobalSection
	GlobalSection(SolutionProperties) = preSolution
		HideSolutionNode = FALSE
	EndGlobalSection
	GlobalSection(ExtensibilityGlobals) = postSolution
		SolutionGuid = {123C7A75-91EE-4A45-A197-72E090C7E87C}
	EndGlobalSection
EndGlobal
