
Microsoft Visual Studio Solution File, Format Version 12.00
# Visual Studio Version 16
VisualStudioVersion = 16.0.31729.503
MinimumVisualStudioVersion = 10.0.40219.1
Project("{FAE04EC0-301F-11D3-BF4B-00C04F79EFBC}") = "fixacao", "fixacao\fixacao.csproj", "{3A06200D-39F6-41C9-B89C-E2FFCF4CFB4D}"
EndProject
Global
	GlobalSection(SolutionConfigurationPlatforms) = preSolution
		Debug|Any CPU = Debug|Any CPU
		Release|Any CPU = Release|Any CPU
	EndGlobalSection
	GlobalSection(ProjectConfigurationPlatforms) = postSolution
		{3A06200D-39F6-41C9-B89C-E2FFCF4CFB4D}.Debug|Any CPU.ActiveCfg = Debug|Any CPU
		{3A06200D-39F6-41C9-B89C-E2FFCF4CFB4D}.Debug|Any CPU.Build.0 = Debug|Any CPU
		{3A06200D-39F6-41C9-B89C-E2FFCF4CFB4D}.Release|Any CPU.ActiveCfg = Release|Any CPU
		{3A06200D-39F6-41C9-B89C-E2FFCF4CFB4D}.Release|Any CPU.Build.0 = Release|Any CPU
	EndGlobalSection
	GlobalSection(SolutionProperties) = preSolution
		HideSolutionNode = FALSE
	EndGlobalSection
	GlobalSection(ExtensibilityGlobals) = postSolution
		SolutionGuid = {D52C464E-E467-4433-A64C-B294CC9963D3}
	EndGlobalSection
EndGlobal
