
Microsoft Visual Studio Solution File, Format Version 12.00
# Visual Studio Version 16
VisualStudioVersion = 16.0.31729.503
MinimumVisualStudioVersion = 10.0.40219.1
Project("{FAE04EC0-301F-11D3-BF4B-00C04F79EFBC}") = "Fixacao", "Fixacao\Fixacao.csproj", "{5EADA449-AA54-4A48-81F2-82CC442A05C8}"
EndProject
Global
	GlobalSection(SolutionConfigurationPlatforms) = preSolution
		Debug|Any CPU = Debug|Any CPU
		Release|Any CPU = Release|Any CPU
	EndGlobalSection
	GlobalSection(ProjectConfigurationPlatforms) = postSolution
		{5EADA449-AA54-4A48-81F2-82CC442A05C8}.Debug|Any CPU.ActiveCfg = Debug|Any CPU
		{5EADA449-AA54-4A48-81F2-82CC442A05C8}.Debug|Any CPU.Build.0 = Debug|Any CPU
		{5EADA449-AA54-4A48-81F2-82CC442A05C8}.Release|Any CPU.ActiveCfg = Release|Any CPU
		{5EADA449-AA54-4A48-81F2-82CC442A05C8}.Release|Any CPU.Build.0 = Release|Any CPU
	EndGlobalSection
	GlobalSection(SolutionProperties) = preSolution
		HideSolutionNode = FALSE
	EndGlobalSection
	GlobalSection(ExtensibilityGlobals) = postSolution
		SolutionGuid = {CBAE0BD6-0B87-412D-A6F2-EB47FD5984FC}
	EndGlobalSection
EndGlobal
